
Microsoft Visual Studio Solution File, Format Version 12.00
# Visual Studio Version 18
VisualStudioVersion = 18.2.11415.280 d18.0
MinimumVisualStudioVersion = 10.0.40219.1
Project("{FAE04EC0-301F-11D3-BF4B-00C04F79EFBC}") = "Food_Ordering", "Food_Ordering\Food_Ordering.csproj", "{9F1095EC-6890-4515-97AB-181B484391EC}"
EndProject
Global
	GlobalSection(SolutionConfigurationPlatforms) = preSolution
		Debug|Any CPU = Debug|Any CPU
		Release|Any CPU = Release|Any CPU
	EndGlobalSection
	GlobalSection(ProjectConfigurationPlatforms) = postSolution
		{9F1095EC-6890-4515-97AB-181B484391EC}.Debug|Any CPU.ActiveCfg = Debug|Any CPU
		{9F1095EC-6890-4515-97AB-181B484391EC}.Debug|Any CPU.Build.0 = Debug|Any CPU
		{9F1095EC-6890-4515-97AB-181B484391EC}.Release|Any CPU.ActiveCfg = Release|Any CPU
		{9F1095EC-6890-4515-97AB-181B484391EC}.Release|Any CPU.Build.0 = Release|Any CPU
	EndGlobalSection
	GlobalSection(SolutionProperties) = preSolution
		HideSolutionNode = FALSE
	EndGlobalSection
	GlobalSection(ExtensibilityGlobals) = postSolution
		SolutionGuid = {E25613FB-859F-4CB6-9CCF-88D55EC054A6}
	EndGlobalSection
EndGlobal
